
Microsoft Visual Studio Solution File, Format Version 12.00
# Visual Studio Version 17
VisualStudioVersion = 17.4.33103.184
MinimumVisualStudioVersion = 10.0.40219.1
Project("{FAE04EC0-301F-11D3-BF4B-00C04F79EFBC}") = "student", "student\student.csproj", "{DE8AFE43-6C63-451F-86E5-54DD4FFEA182}"
EndProject
Global
	GlobalSection(SolutionConfigurationPlatforms) = preSolution
		Debug|Any CPU = Debug|Any CPU
		Release|Any CPU = Release|Any CPU
	EndGlobalSection
	GlobalSection(ProjectConfigurationPlatforms) = postSolution
		{DE8AFE43-6C63-451F-86E5-54DD4FFEA182}.Debug|Any CPU.ActiveCfg = Debug|Any CPU
		{DE8AFE43-6C63-451F-86E5-54DD4FFEA182}.Debug|Any CPU.Build.0 = Debug|Any CPU
		{DE8AFE43-6C63-451F-86E5-54DD4FFEA182}.Release|Any CPU.ActiveCfg = Release|Any CPU
		{DE8AFE43-6C63-451F-86E5-54DD4FFEA182}.Release|Any CPU.Build.0 = Release|Any CPU
	EndGlobalSection
	GlobalSection(SolutionProperties) = preSolution
		HideSolutionNode = FALSE
	EndGlobalSection
	GlobalSection(ExtensibilityGlobals) = postSolution
		SolutionGuid = {C9A070B5-C822-4E85-9B8F-59271D5E533B}
	EndGlobalSection
EndGlobal
